
Microsoft Visual Studio Solution File, Format Version 12.00
# Visual Studio Version 16
VisualStudioVersion = 16.0.30406.217
MinimumVisualStudioVersion = 10.0.40219.1
Project("{2150E333-8FDC-42A3-9474-1A3956D46DE8}") = "Solution Items", "Solution Items", "{402006AB-7CA3-48FC-816E-C4E1EC3DB60B}"
	ProjectSection(SolutionItems) = preProject
		.gitignore = .gitignore
		README.md = README.md
	EndProjectSection
EndProject
Project("{2150E333-8FDC-42A3-9474-1A3956D46DE8}") = "API", "API", "{E1A3F410-63CD-41B3-BF78-8132CF5189F9}"
EndProject
Project("{FAE04EC0-301F-11D3-BF4B-00C04F79EFBC}") = "Api", "Submarine API\Api\Api.csproj", "{8139141B-A460-4D0F-A3F4-E41288E722B0}"
EndProject
Project("{FAE04EC0-301F-11D3-BF4B-00C04F79EFBC}") = "Api.Abstractions", "Submarine API\Api.Abstractions\Api.Abstractions.csproj", "{2FD55DF5-BCFB-4AE5-A12B-C47ABCC870AD}"
EndProject
Project("{FAE04EC0-301F-11D3-BF4B-00C04F79EFBC}") = "Api.IntegrationTests", "Submarine API\Api.IntegrationTests\Api.IntegrationTests.csproj", "{0DE0863F-A0F1-4699-B7DF-41A974364C42}"
EndProject
Project("{2150E333-8FDC-42A3-9474-1A3956D46DE8}") = "API Client", "API Client", "{EA23954D-35D9-4478-81F2-38A41604BEBF}"
EndProject
Project("{FAE04EC0-301F-11D3-BF4B-00C04F79EFBC}") = "ApiClient", "Submarine API Client\ApiClient\ApiClient.csproj", "{FA8B3B1B-C47B-403B-8646-5FADE1ECA2E4}"
EndProject
Project("{FAE04EC0-301F-11D3-BF4B-00C04F79EFBC}") = "ApiClient.UnitTests", "Submarine API Client\ApiClient.UnitTests\ApiClient.UnitTests.csproj", "{1525A1F6-0CFE-4344-A6E2-061C7C0CEC21}"
EndProject
Project("{2150E333-8FDC-42A3-9474-1A3956D46DE8}") = "Abstractions", "Abstractions", "{5F7A7BC8-D91E-49C2-996C-B8890CAD1D6C}"
EndProject
Project("{FAE04EC0-301F-11D3-BF4B-00C04F79EFBC}") = "Abstractions", "Submarine Abstractions\Abstractions\Abstractions.csproj", "{338D28B8-C8EE-4F9E-B7DA-8B97A8E4C975}"
EndProject
Project("{2150E333-8FDC-42A3-9474-1A3956D46DE8}") = "Domain Abstractions", "Domain Abstractions", "{854414ED-A617-4192-8AE0-87AC01BB23E2}"
EndProject
Project("{FAE04EC0-301F-11D3-BF4B-00C04F79EFBC}") = "Domain.Abstractions", "Submarine Domain Abstractions\Domain.Abstractions\Domain.Abstractions.csproj", "{61202F6E-C50F-4695-B6D1-1D64DC757B45}"
EndProject
Project("{FAE04EC0-301F-11D3-BF4B-00C04F79EFBC}") = "Domain.Abstractions.UnitTests", "Submarine Domain Abstractions\Domain.Abstractions.UnitTests\Domain.Abstractions.UnitTests.csproj", "{E6CD9FED-8321-47CE-AC7D-2F4A55A5E32A}"
EndProject
Project("{2150E333-8FDC-42A3-9474-1A3956D46DE8}") = "Domain Authentication", "Domain Authentication", "{DF77240C-F02A-4523-BC2A-2C683968A194}"
EndProject
Project("{FAE04EC0-301F-11D3-BF4B-00C04F79EFBC}") = "Domain.Authentication", "Submarine Domain Authentication\Domain.Authentication\Domain.Authentication.csproj", "{A8D99462-B816-4E2C-8B11-CA8117D2639D}"
EndProject
Project("{FAE04EC0-301F-11D3-BF4B-00C04F79EFBC}") = "Domain.Authentication.UnitTests", "Submarine Domain Authentication\Domain.Authentication.UnitTests\Domain.Authentication.UnitTests.csproj", "{9780481C-E687-4072-9699-E01B0285B398}"
EndProject
Project("{FAE04EC0-301F-11D3-BF4B-00C04F79EFBC}") = "Domain.Authentication.IntegrationTests", "Submarine Domain Authentication\Domain.Authentication.IntegrationTests\Domain.Authentication.IntegrationTests.csproj", "{5264F5A5-97F2-4932-8FCE-D77A4EE4DA48}"
EndProject
Project("{2150E333-8FDC-42A3-9474-1A3956D46DE8}") = "Domain", "Domain", "{B282476D-C5B7-49BF-B28D-014C00E6868F}"
EndProject
Project("{2150E333-8FDC-42A3-9474-1A3956D46DE8}") = "Domain User", "Domain User", "{7D6ED528-8EA5-40FD-B328-C55EA9A0CF28}"
EndProject
Project("{FAE04EC0-301F-11D3-BF4B-00C04F79EFBC}") = "Domain.User", "Submarine Domain User\Domain.User\Domain.User.csproj", "{598994BD-E233-455C-8B37-4689F8F67F34}"
EndProject
Project("{FAE04EC0-301F-11D3-BF4B-00C04F79EFBC}") = "Domain.User.IntegrationTests", "Submarine Domain User\Domain.User.IntegrationTests\Domain.User.IntegrationTests.csproj", "{B9AA77B0-5AD3-4138-9731-37D022945FEB}"
EndProject
Project("{FAE04EC0-301F-11D3-BF4B-00C04F79EFBC}") = "Domain.User.UnitTests", "Submarine Domain User\Domain.User.UnitTests\Domain.User.UnitTests.csproj", "{45A48D86-9E41-4AD4-9412-C6BD4A5D1537}"
EndProject
Project("{FAE04EC0-301F-11D3-BF4B-00C04F79EFBC}") = "Domain", "Submarine Domain\Domain\Domain.csproj", "{8449C966-42F6-4D4A-ACAF-5B347E099CCB}"
EndProject
Project("{FAE04EC0-301F-11D3-BF4B-00C04F79EFBC}") = "Domain.UnitTests", "Submarine Domain\Domain.UnitTests\Domain.UnitTests.csproj", "{3A071F79-BB02-4880-959F-4DF6CC9CDF9F}"
EndProject
Global
	GlobalSection(SolutionConfigurationPlatforms) = preSolution
		Debug|Any CPU = Debug|Any CPU
		Release|Any CPU = Release|Any CPU
	EndGlobalSection
	GlobalSection(ProjectConfigurationPlatforms) = postSolution
		{8139141B-A460-4D0F-A3F4-E41288E722B0}.Debug|Any CPU.ActiveCfg = Debug|Any CPU
		{8139141B-A460-4D0F-A3F4-E41288E722B0}.Debug|Any CPU.Build.0 = Debug|Any CPU
		{8139141B-A460-4D0F-A3F4-E41288E722B0}.Release|Any CPU.ActiveCfg = Release|Any CPU
		{8139141B-A460-4D0F-A3F4-E41288E722B0}.Release|Any CPU.Build.0 = Release|Any CPU
		{2FD55DF5-BCFB-4AE5-A12B-C47ABCC870AD}.Debug|Any CPU.ActiveCfg = Debug|Any CPU
		{2FD55DF5-BCFB-4AE5-A12B-C47ABCC870AD}.Debug|Any CPU.Build.0 = Debug|Any CPU
		{2FD55DF5-BCFB-4AE5-A12B-C47ABCC870AD}.Release|Any CPU.ActiveCfg = Release|Any CPU
		{2FD55DF5-BCFB-4AE5-A12B-C47ABCC870AD}.Release|Any CPU.Build.0 = Release|Any CPU
		{0DE0863F-A0F1-4699-B7DF-41A974364C42}.Debug|Any CPU.ActiveCfg = Debug|Any CPU
		{0DE0863F-A0F1-4699-B7DF-41A974364C42}.Debug|Any CPU.Build.0 = Debug|Any CPU
		{0DE0863F-A0F1-4699-B7DF-41A974364C42}.Release|Any CPU.ActiveCfg = Release|Any CPU
		{0DE0863F-A0F1-4699-B7DF-41A974364C42}.Release|Any CPU.Build.0 = Release|Any CPU
		{FA8B3B1B-C47B-403B-8646-5FADE1ECA2E4}.Debug|Any CPU.ActiveCfg = Debug|Any CPU
		{FA8B3B1B-C47B-403B-8646-5FADE1ECA2E4}.Debug|Any CPU.Build.0 = Debug|Any CPU
		{FA8B3B1B-C47B-403B-8646-5FADE1ECA2E4}.Release|Any CPU.ActiveCfg = Release|Any CPU
		{FA8B3B1B-C47B-403B-8646-5FADE1ECA2E4}.Release|Any CPU.Build.0 = Release|Any CPU
		{1525A1F6-0CFE-4344-A6E2-061C7C0CEC21}.Debug|Any CPU.ActiveCfg = Debug|Any CPU
		{1525A1F6-0CFE-4344-A6E2-061C7C0CEC21}.Debug|Any CPU.Build.0 = Debug|Any CPU
		{1525A1F6-0CFE-4344-A6E2-061C7C0CEC21}.Release|Any CPU.ActiveCfg = Release|Any CPU
		{1525A1F6-0CFE-4344-A6E2-061C7C0CEC21}.Release|Any CPU.Build.0 = Release|Any CPU
		{338D28B8-C8EE-4F9E-B7DA-8B97A8E4C975}.Debug|Any CPU.ActiveCfg = Debug|Any CPU
		{338D28B8-C8EE-4F9E-B7DA-8B97A8E4C975}.Debug|Any CPU.Build.0 = Debug|Any CPU
		{338D28B8-C8EE-4F9E-B7DA-8B97A8E4C975}.Release|Any CPU.ActiveCfg = Release|Any CPU
		{338D28B8-C8EE-4F9E-B7DA-8B97A8E4C975}.Release|Any CPU.Build.0 = Release|Any CPU
		{61202F6E-C50F-4695-B6D1-1D64DC757B45}.Debug|Any CPU.ActiveCfg = Debug|Any CPU
		{61202F6E-C50F-4695-B6D1-1D64DC757B45}.Debug|Any CPU.Build.0 = Debug|Any CPU
		{61202F6E-C50F-4695-B6D1-1D64DC757B45}.Release|Any CPU.ActiveCfg = Release|Any CPU
		{61202F6E-C50F-4695-B6D1-1D64DC757B45}.Release|Any CPU.Build.0 = Release|Any CPU
		{E6CD9FED-8321-47CE-AC7D-2F4A55A5E32A}.Debug|Any CPU.ActiveCfg = Debug|Any CPU
		{E6CD9FED-8321-47CE-AC7D-2F4A55A5E32A}.Debug|Any CPU.Build.0 = Debug|Any CPU
		{E6CD9FED-8321-47CE-AC7D-2F4A55A5E32A}.Release|Any CPU.ActiveCfg = Release|Any CPU
		{E6CD9FED-8321-47CE-AC7D-2F4A55A5E32A}.Release|Any CPU.Build.0 = Release|Any CPU
		{A8D99462-B816-4E2C-8B11-CA8117D2639D}.Debug|Any CPU.ActiveCfg = Debug|Any CPU
		{A8D99462-B816-4E2C-8B11-CA8117D2639D}.Debug|Any CPU.Build.0 = Debug|Any CPU
		{A8D99462-B816-4E2C-8B11-CA8117D2639D}.Release|Any CPU.ActiveCfg = Release|Any CPU
		{A8D99462-B816-4E2C-8B11-CA8117D2639D}.Release|Any CPU.Build.0 = Release|Any CPU
		{9780481C-E687-4072-9699-E01B0285B398}.Debug|Any CPU.ActiveCfg = Debug|Any CPU
		{9780481C-E687-4072-9699-E01B0285B398}.Debug|Any CPU.Build.0 = Debug|Any CPU
		{9780481C-E687-4072-9699-E01B0285B398}.Release|Any CPU.ActiveCfg = Release|Any CPU
		{9780481C-E687-4072-9699-E01B0285B398}.Release|Any CPU.Build.0 = Release|Any CPU
		{5264F5A5-97F2-4932-8FCE-D77A4EE4DA48}.Debug|Any CPU.ActiveCfg = Debug|Any CPU
		{5264F5A5-97F2-4932-8FCE-D77A4EE4DA48}.Debug|Any CPU.Build.0 = Debug|Any CPU
		{5264F5A5-97F2-4932-8FCE-D77A4EE4DA48}.Release|Any CPU.ActiveCfg = Release|Any CPU
		{5264F5A5-97F2-4932-8FCE-D77A4EE4DA48}.Release|Any CPU.Build.0 = Release|Any CPU
		{598994BD-E233-455C-8B37-4689F8F67F34}.Debug|Any CPU.ActiveCfg = Debug|Any CPU
		{598994BD-E233-455C-8B37-4689F8F67F34}.Debug|Any CPU.Build.0 = Debug|Any CPU
		{598994BD-E233-455C-8B37-4689F8F67F34}.Release|Any CPU.ActiveCfg = Release|Any CPU
		{598994BD-E233-455C-8B37-4689F8F67F34}.Release|Any CPU.Build.0 = Release|Any CPU
		{B9AA77B0-5AD3-4138-9731-37D022945FEB}.Debug|Any CPU.ActiveCfg = Debug|Any CPU
		{B9AA77B0-5AD3-4138-9731-37D022945FEB}.Debug|Any CPU.Build.0 = Debug|Any CPU
		{B9AA77B0-5AD3-4138-9731-37D022945FEB}.Release|Any CPU.ActiveCfg = Release|Any CPU
		{B9AA77B0-5AD3-4138-9731-37D022945FEB}.Release|Any CPU.Build.0 = Release|Any CPU
		{45A48D86-9E41-4AD4-9412-C6BD4A5D1537}.Debug|Any CPU.ActiveCfg = Debug|Any CPU
		{45A48D86-9E41-4AD4-9412-C6BD4A5D1537}.Debug|Any CPU.Build.0 = Debug|Any CPU
		{45A48D86-9E41-4AD4-9412-C6BD4A5D1537}.Release|Any CPU.ActiveCfg = Release|Any CPU
		{45A48D86-9E41-4AD4-9412-C6BD4A5D1537}.Release|Any CPU.Build.0 = Release|Any CPU
		{8449C966-42F6-4D4A-ACAF-5B347E099CCB}.Debug|Any CPU.ActiveCfg = Debug|Any CPU
		{8449C966-42F6-4D4A-ACAF-5B347E099CCB}.Debug|Any CPU.Build.0 = Debug|Any CPU
		{8449C966-42F6-4D4A-ACAF-5B347E099CCB}.Release|Any CPU.ActiveCfg = Release|Any CPU
		{8449C966-42F6-4D4A-ACAF-5B347E099CCB}.Release|Any CPU.Build.0 = Release|Any CPU
		{3A071F79-BB02-4880-959F-4DF6CC9CDF9F}.Debug|Any CPU.ActiveCfg = Debug|Any CPU
		{3A071F79-BB02-4880-959F-4DF6CC9CDF9F}.Debug|Any CPU.Build.0 = Debug|Any CPU
		{3A071F79-BB02-4880-959F-4DF6CC9CDF9F}.Release|Any CPU.ActiveCfg = Release|Any CPU
		{3A071F79-BB02-4880-959F-4DF6CC9CDF9F}.Release|Any CPU.Build.0 = Release|Any CPU
	EndGlobalSection
	GlobalSection(SolutionProperties) = preSolution
		HideSolutionNode = FALSE
	EndGlobalSection
	GlobalSection(NestedProjects) = preSolution
		{8139141B-A460-4D0F-A3F4-E41288E722B0} = {E1A3F410-63CD-41B3-BF78-8132CF5189F9}
		{2FD55DF5-BCFB-4AE5-A12B-C47ABCC870AD} = {E1A3F410-63CD-41B3-BF78-8132CF5189F9}
		{0DE0863F-A0F1-4699-B7DF-41A974364C42} = {E1A3F410-63CD-41B3-BF78-8132CF5189F9}
		{FA8B3B1B-C47B-403B-8646-5FADE1ECA2E4} = {EA23954D-35D9-4478-81F2-38A41604BEBF}
		{1525A1F6-0CFE-4344-A6E2-061C7C0CEC21} = {EA23954D-35D9-4478-81F2-38A41604BEBF}
		{338D28B8-C8EE-4F9E-B7DA-8B97A8E4C975} = {5F7A7BC8-D91E-49C2-996C-B8890CAD1D6C}
		{61202F6E-C50F-4695-B6D1-1D64DC757B45} = {854414ED-A617-4192-8AE0-87AC01BB23E2}
		{E6CD9FED-8321-47CE-AC7D-2F4A55A5E32A} = {854414ED-A617-4192-8AE0-87AC01BB23E2}
		{A8D99462-B816-4E2C-8B11-CA8117D2639D} = {DF77240C-F02A-4523-BC2A-2C683968A194}
		{9780481C-E687-4072-9699-E01B0285B398} = {DF77240C-F02A-4523-BC2A-2C683968A194}
		{5264F5A5-97F2-4932-8FCE-D77A4EE4DA48} = {DF77240C-F02A-4523-BC2A-2C683968A194}
		{598994BD-E233-455C-8B37-4689F8F67F34} = {7D6ED528-8EA5-40FD-B328-C55EA9A0CF28}
		{B9AA77B0-5AD3-4138-9731-37D022945FEB} = {7D6ED528-8EA5-40FD-B328-C55EA9A0CF28}
		{45A48D86-9E41-4AD4-9412-C6BD4A5D1537} = {7D6ED528-8EA5-40FD-B328-C55EA9A0CF28}
		{8449C966-42F6-4D4A-ACAF-5B347E099CCB} = {B282476D-C5B7-49BF-B28D-014C00E6868F}
		{3A071F79-BB02-4880-959F-4DF6CC9CDF9F} = {B282476D-C5B7-49BF-B28D-014C00E6868F}
	EndGlobalSection
	GlobalSection(ExtensibilityGlobals) = postSolution
		SolutionGuid = {FC71E9EF-3B1F-4E70-9CE9-1BE964B459DB}
	EndGlobalSection
EndGlobal
