
Microsoft Visual Studio Solution File, Format Version 12.00
# Visual Studio Version 16
VisualStudioVersion = 16.0.30406.217
MinimumVisualStudioVersion = 10.0.40219.1
Project("{2150E333-8FDC-42A3-9474-1A3956D46DE8}") = "Solution Items", "Solution Items", "{402006AB-7CA3-48FC-816E-C4E1EC3DB60B}"
	ProjectSection(SolutionItems) = preProject
		.gitignore = .gitignore
		README.md = README.md
	EndProjectSection
EndProject
Project("{2150E333-8FDC-42A3-9474-1A3956D46DE8}") = "Source", "Source", "{13196060-8B68-4A05-BB8C-A782600031D0}"
EndProject
Project("{2150E333-8FDC-42A3-9474-1A3956D46DE8}") = "Testing", "Testing", "{0F042621-8869-4F44-95C5-3C21B9B76C35}"
EndProject
Project("{9A19103F-16F7-4668-BE54-9A1E7A4F7556}") = "Abstractions", "Abstractions\Abstractions.csproj", "{034A9F2A-C3F6-4931-B447-697F84E06584}"
EndProject
Project("{9A19103F-16F7-4668-BE54-9A1E7A4F7556}") = "Api", "Api\Api.csproj", "{1F071068-9C2A-4518-B3AD-8081055C414F}"
EndProject
Project("{9A19103F-16F7-4668-BE54-9A1E7A4F7556}") = "Domain.Abstractions", "Domain.Abstractions\Domain.Abstractions.csproj", "{5E90FE09-C604-427E-805F-E1466FE39A80}"
EndProject
Project("{9A19103F-16F7-4668-BE54-9A1E7A4F7556}") = "Domain.Instructor", "Domain.Instructor\Domain.Instructor.csproj", "{7784017A-3ED1-433F-834E-6D895F337D9F}"
EndProject
Project("{9A19103F-16F7-4668-BE54-9A1E7A4F7556}") = "ApiClient", "ApiClient\ApiClient.csproj", "{AE1C4DD4-1666-4463-A46C-CF9A9F460A84}"
EndProject
Project("{2150E333-8FDC-42A3-9474-1A3956D46DE8}") = "Integration Testing", "Integration Testing", "{9D1B35E3-E38C-41EF-AAD5-F21C48CC7B1B}"
EndProject
Project("{2150E333-8FDC-42A3-9474-1A3956D46DE8}") = "Unit Testing", "Unit Testing", "{8A4938FE-BBCD-40EF-BB49-9B81AD2F0F62}"
EndProject
Project("{9A19103F-16F7-4668-BE54-9A1E7A4F7556}") = "Api.IntegrationTests", "Api.IntegrationTests\Api.IntegrationTests.csproj", "{20022097-0243-4F6C-8DB5-EB21166D553C}"
EndProject
Project("{9A19103F-16F7-4668-BE54-9A1E7A4F7556}") = "TestingUtiltiies", "TestingUtiltiies\TestingUtiltiies.csproj", "{4AE41625-0B5C-4F8F-B8D2-9A2FFBB9F743}"
EndProject
Project("{9A19103F-16F7-4668-BE54-9A1E7A4F7556}") = "ApiClient.UnitTests", "ApiClient.UnitTests\ApiClient.UnitTests.csproj", "{BC7032EF-5AF0-4109-BDDD-7FF933225C78}"
EndProject
Project("{9A19103F-16F7-4668-BE54-9A1E7A4F7556}") = "Domain.Instructors.UnitTests", "Domain.Instructors.UnitTests\Domain.Instructors.UnitTests.csproj", "{1D9BBFBE-E6EC-4374-BF4D-F32F16066761}"
EndProject
Project("{9A19103F-16F7-4668-BE54-9A1E7A4F7556}") = "Domain.Abstractions.UnitTests", "Domain.Abstractions.UnitTests\Domain.Abstractions.UnitTests.csproj", "{88E2E527-3CCC-44EB-8746-4432B9D27741}"
EndProject
Project("{9A19103F-16F7-4668-BE54-9A1E7A4F7556}") = "Domain.User.UnitTests", "Domain.User.UnitTests\Domain.User.UnitTests.csproj", "{3090BBBA-6FB1-46BE-AFDE-8C49A9918053}"
EndProject
Project("{9A19103F-16F7-4668-BE54-9A1E7A4F7556}") = "Domain.User", "Domain.User\Domain.User.csproj", "{03B77BC6-2C98-4844-875C-AAFBAD3427BB}"
EndProject
Project("{9A19103F-16F7-4668-BE54-9A1E7A4F7556}") = "Domain.User.IntegrationTests", "Domain.User.IntegrationTests\Domain.User.IntegrationTests.csproj", "{773C7AE4-4F1D-449E-B1FC-16639581441B}"
EndProject
Project("{9A19103F-16F7-4668-BE54-9A1E7A4F7556}") = "Domain.Authentication", "Domain.Authentication\Domain.Authentication.csproj", "{E74714DC-8FE3-4C75-894F-E4AAFB346F48}"
EndProject
Project("{9A19103F-16F7-4668-BE54-9A1E7A4F7556}") = "Domain.Authentication.IntegrationTests", "Domain.Authentication.IntegrationTests\Domain.Authentication.IntegrationTests.csproj", "{888148A4-ECCC-4C53-A5C6-D05120AE55D0}"
EndProject
Project("{9A19103F-16F7-4668-BE54-9A1E7A4F7556}") = "Domain.Authentication.UnitTests", "Domain.Authentication.UnitTests\Domain.Authentication.UnitTests.csproj", "{E8C426DB-4B3C-4556-BF5B-41A6F4A110C8}"
EndProject
Project("{FAE04EC0-301F-11D3-BF4B-00C04F79EFBC}") = "Api.Abstractions", "Api.Abstractions\Api.Abstractions.csproj", "{C44D33CD-C73F-4164-BD9C-E68157142009}"
EndProject
Global
	GlobalSection(SolutionConfigurationPlatforms) = preSolution
		Debug|Any CPU = Debug|Any CPU
		Release|Any CPU = Release|Any CPU
	EndGlobalSection
	GlobalSection(ProjectConfigurationPlatforms) = postSolution
		{034A9F2A-C3F6-4931-B447-697F84E06584}.Debug|Any CPU.ActiveCfg = Debug|Any CPU
		{034A9F2A-C3F6-4931-B447-697F84E06584}.Debug|Any CPU.Build.0 = Debug|Any CPU
		{034A9F2A-C3F6-4931-B447-697F84E06584}.Release|Any CPU.ActiveCfg = Release|Any CPU
		{034A9F2A-C3F6-4931-B447-697F84E06584}.Release|Any CPU.Build.0 = Release|Any CPU
		{1F071068-9C2A-4518-B3AD-8081055C414F}.Debug|Any CPU.ActiveCfg = Debug|Any CPU
		{1F071068-9C2A-4518-B3AD-8081055C414F}.Debug|Any CPU.Build.0 = Debug|Any CPU
		{1F071068-9C2A-4518-B3AD-8081055C414F}.Release|Any CPU.ActiveCfg = Release|Any CPU
		{1F071068-9C2A-4518-B3AD-8081055C414F}.Release|Any CPU.Build.0 = Release|Any CPU
		{5E90FE09-C604-427E-805F-E1466FE39A80}.Debug|Any CPU.ActiveCfg = Debug|Any CPU
		{5E90FE09-C604-427E-805F-E1466FE39A80}.Debug|Any CPU.Build.0 = Debug|Any CPU
		{5E90FE09-C604-427E-805F-E1466FE39A80}.Release|Any CPU.ActiveCfg = Release|Any CPU
		{5E90FE09-C604-427E-805F-E1466FE39A80}.Release|Any CPU.Build.0 = Release|Any CPU
		{7784017A-3ED1-433F-834E-6D895F337D9F}.Debug|Any CPU.ActiveCfg = Debug|Any CPU
		{7784017A-3ED1-433F-834E-6D895F337D9F}.Debug|Any CPU.Build.0 = Debug|Any CPU
		{7784017A-3ED1-433F-834E-6D895F337D9F}.Release|Any CPU.ActiveCfg = Release|Any CPU
		{7784017A-3ED1-433F-834E-6D895F337D9F}.Release|Any CPU.Build.0 = Release|Any CPU
		{AE1C4DD4-1666-4463-A46C-CF9A9F460A84}.Debug|Any CPU.ActiveCfg = Debug|Any CPU
		{AE1C4DD4-1666-4463-A46C-CF9A9F460A84}.Debug|Any CPU.Build.0 = Debug|Any CPU
		{AE1C4DD4-1666-4463-A46C-CF9A9F460A84}.Release|Any CPU.ActiveCfg = Release|Any CPU
		{AE1C4DD4-1666-4463-A46C-CF9A9F460A84}.Release|Any CPU.Build.0 = Release|Any CPU
		{20022097-0243-4F6C-8DB5-EB21166D553C}.Debug|Any CPU.ActiveCfg = Debug|Any CPU
		{20022097-0243-4F6C-8DB5-EB21166D553C}.Debug|Any CPU.Build.0 = Debug|Any CPU
		{20022097-0243-4F6C-8DB5-EB21166D553C}.Release|Any CPU.ActiveCfg = Release|Any CPU
		{20022097-0243-4F6C-8DB5-EB21166D553C}.Release|Any CPU.Build.0 = Release|Any CPU
		{4AE41625-0B5C-4F8F-B8D2-9A2FFBB9F743}.Debug|Any CPU.ActiveCfg = Debug|Any CPU
		{4AE41625-0B5C-4F8F-B8D2-9A2FFBB9F743}.Debug|Any CPU.Build.0 = Debug|Any CPU
		{4AE41625-0B5C-4F8F-B8D2-9A2FFBB9F743}.Release|Any CPU.ActiveCfg = Release|Any CPU
		{4AE41625-0B5C-4F8F-B8D2-9A2FFBB9F743}.Release|Any CPU.Build.0 = Release|Any CPU
		{BC7032EF-5AF0-4109-BDDD-7FF933225C78}.Debug|Any CPU.ActiveCfg = Debug|Any CPU
		{BC7032EF-5AF0-4109-BDDD-7FF933225C78}.Debug|Any CPU.Build.0 = Debug|Any CPU
		{BC7032EF-5AF0-4109-BDDD-7FF933225C78}.Release|Any CPU.ActiveCfg = Release|Any CPU
		{BC7032EF-5AF0-4109-BDDD-7FF933225C78}.Release|Any CPU.Build.0 = Release|Any CPU
		{1D9BBFBE-E6EC-4374-BF4D-F32F16066761}.Debug|Any CPU.ActiveCfg = Debug|Any CPU
		{1D9BBFBE-E6EC-4374-BF4D-F32F16066761}.Debug|Any CPU.Build.0 = Debug|Any CPU
		{1D9BBFBE-E6EC-4374-BF4D-F32F16066761}.Release|Any CPU.ActiveCfg = Release|Any CPU
		{1D9BBFBE-E6EC-4374-BF4D-F32F16066761}.Release|Any CPU.Build.0 = Release|Any CPU
		{88E2E527-3CCC-44EB-8746-4432B9D27741}.Debug|Any CPU.ActiveCfg = Debug|Any CPU
		{88E2E527-3CCC-44EB-8746-4432B9D27741}.Debug|Any CPU.Build.0 = Debug|Any CPU
		{88E2E527-3CCC-44EB-8746-4432B9D27741}.Release|Any CPU.ActiveCfg = Release|Any CPU
		{88E2E527-3CCC-44EB-8746-4432B9D27741}.Release|Any CPU.Build.0 = Release|Any CPU
		{3090BBBA-6FB1-46BE-AFDE-8C49A9918053}.Debug|Any CPU.ActiveCfg = Debug|Any CPU
		{3090BBBA-6FB1-46BE-AFDE-8C49A9918053}.Debug|Any CPU.Build.0 = Debug|Any CPU
		{3090BBBA-6FB1-46BE-AFDE-8C49A9918053}.Release|Any CPU.ActiveCfg = Release|Any CPU
		{3090BBBA-6FB1-46BE-AFDE-8C49A9918053}.Release|Any CPU.Build.0 = Release|Any CPU
		{03B77BC6-2C98-4844-875C-AAFBAD3427BB}.Debug|Any CPU.ActiveCfg = Debug|Any CPU
		{03B77BC6-2C98-4844-875C-AAFBAD3427BB}.Debug|Any CPU.Build.0 = Debug|Any CPU
		{03B77BC6-2C98-4844-875C-AAFBAD3427BB}.Release|Any CPU.ActiveCfg = Release|Any CPU
		{03B77BC6-2C98-4844-875C-AAFBAD3427BB}.Release|Any CPU.Build.0 = Release|Any CPU
		{773C7AE4-4F1D-449E-B1FC-16639581441B}.Debug|Any CPU.ActiveCfg = Debug|Any CPU
		{773C7AE4-4F1D-449E-B1FC-16639581441B}.Debug|Any CPU.Build.0 = Debug|Any CPU
		{773C7AE4-4F1D-449E-B1FC-16639581441B}.Release|Any CPU.ActiveCfg = Release|Any CPU
		{773C7AE4-4F1D-449E-B1FC-16639581441B}.Release|Any CPU.Build.0 = Release|Any CPU
		{E74714DC-8FE3-4C75-894F-E4AAFB346F48}.Debug|Any CPU.ActiveCfg = Debug|Any CPU
		{E74714DC-8FE3-4C75-894F-E4AAFB346F48}.Debug|Any CPU.Build.0 = Debug|Any CPU
		{E74714DC-8FE3-4C75-894F-E4AAFB346F48}.Release|Any CPU.ActiveCfg = Release|Any CPU
		{E74714DC-8FE3-4C75-894F-E4AAFB346F48}.Release|Any CPU.Build.0 = Release|Any CPU
		{888148A4-ECCC-4C53-A5C6-D05120AE55D0}.Debug|Any CPU.ActiveCfg = Debug|Any CPU
		{888148A4-ECCC-4C53-A5C6-D05120AE55D0}.Debug|Any CPU.Build.0 = Debug|Any CPU
		{888148A4-ECCC-4C53-A5C6-D05120AE55D0}.Release|Any CPU.ActiveCfg = Release|Any CPU
		{888148A4-ECCC-4C53-A5C6-D05120AE55D0}.Release|Any CPU.Build.0 = Release|Any CPU
		{E8C426DB-4B3C-4556-BF5B-41A6F4A110C8}.Debug|Any CPU.ActiveCfg = Debug|Any CPU
		{E8C426DB-4B3C-4556-BF5B-41A6F4A110C8}.Debug|Any CPU.Build.0 = Debug|Any CPU
		{E8C426DB-4B3C-4556-BF5B-41A6F4A110C8}.Release|Any CPU.ActiveCfg = Release|Any CPU
		{E8C426DB-4B3C-4556-BF5B-41A6F4A110C8}.Release|Any CPU.Build.0 = Release|Any CPU
		{C44D33CD-C73F-4164-BD9C-E68157142009}.Debug|Any CPU.ActiveCfg = Debug|Any CPU
		{C44D33CD-C73F-4164-BD9C-E68157142009}.Debug|Any CPU.Build.0 = Debug|Any CPU
		{C44D33CD-C73F-4164-BD9C-E68157142009}.Release|Any CPU.ActiveCfg = Release|Any CPU
		{C44D33CD-C73F-4164-BD9C-E68157142009}.Release|Any CPU.Build.0 = Release|Any CPU
	EndGlobalSection
	GlobalSection(SolutionProperties) = preSolution
		HideSolutionNode = FALSE
	EndGlobalSection
	GlobalSection(NestedProjects) = preSolution
		{034A9F2A-C3F6-4931-B447-697F84E06584} = {13196060-8B68-4A05-BB8C-A782600031D0}
		{1F071068-9C2A-4518-B3AD-8081055C414F} = {13196060-8B68-4A05-BB8C-A782600031D0}
		{5E90FE09-C604-427E-805F-E1466FE39A80} = {13196060-8B68-4A05-BB8C-A782600031D0}
		{7784017A-3ED1-433F-834E-6D895F337D9F} = {13196060-8B68-4A05-BB8C-A782600031D0}
		{AE1C4DD4-1666-4463-A46C-CF9A9F460A84} = {13196060-8B68-4A05-BB8C-A782600031D0}
		{9D1B35E3-E38C-41EF-AAD5-F21C48CC7B1B} = {0F042621-8869-4F44-95C5-3C21B9B76C35}
		{8A4938FE-BBCD-40EF-BB49-9B81AD2F0F62} = {0F042621-8869-4F44-95C5-3C21B9B76C35}
		{20022097-0243-4F6C-8DB5-EB21166D553C} = {9D1B35E3-E38C-41EF-AAD5-F21C48CC7B1B}
		{4AE41625-0B5C-4F8F-B8D2-9A2FFBB9F743} = {0F042621-8869-4F44-95C5-3C21B9B76C35}
		{BC7032EF-5AF0-4109-BDDD-7FF933225C78} = {8A4938FE-BBCD-40EF-BB49-9B81AD2F0F62}
		{1D9BBFBE-E6EC-4374-BF4D-F32F16066761} = {8A4938FE-BBCD-40EF-BB49-9B81AD2F0F62}
		{88E2E527-3CCC-44EB-8746-4432B9D27741} = {8A4938FE-BBCD-40EF-BB49-9B81AD2F0F62}
		{3090BBBA-6FB1-46BE-AFDE-8C49A9918053} = {8A4938FE-BBCD-40EF-BB49-9B81AD2F0F62}
		{03B77BC6-2C98-4844-875C-AAFBAD3427BB} = {13196060-8B68-4A05-BB8C-A782600031D0}
		{C44D33CD-C73F-4164-BD9C-E68157142009} = {13196060-8B68-4A05-BB8C-A782600031D0}
	EndGlobalSection
	GlobalSection(ExtensibilityGlobals) = postSolution
		SolutionGuid = {FC71E9EF-3B1F-4E70-9CE9-1BE964B459DB}
	EndGlobalSection
EndGlobal
