
Microsoft Visual Studio Solution File, Format Version 12.00
# Visual Studio Version 16
VisualStudioVersion = 16.0.30406.217
MinimumVisualStudioVersion = 10.0.40219.1
Project("{2150E333-8FDC-42A3-9474-1A3956D46DE8}") = "Solution Items", "Solution Items", "{402006AB-7CA3-48FC-816E-C4E1EC3DB60B}"
	ProjectSection(SolutionItems) = preProject
		.gitignore = .gitignore
		README.md = README.md
	EndProjectSection
EndProject
Project("{2150E333-8FDC-42A3-9474-1A3956D46DE8}") = "API", "API", "{E1A3F410-63CD-41B3-BF78-8132CF5189F9}"
EndProject
Project("{FAE04EC0-301F-11D3-BF4B-00C04F79EFBC}") = "Api", "Submarine API\Api\Api.csproj", "{8139141B-A460-4D0F-A3F4-E41288E722B0}"
EndProject
Project("{FAE04EC0-301F-11D3-BF4B-00C04F79EFBC}") = "Api.Abstractions", "Submarine API\Api.Abstractions\Api.Abstractions.csproj", "{2FD55DF5-BCFB-4AE5-A12B-C47ABCC870AD}"
EndProject
Project("{FAE04EC0-301F-11D3-BF4B-00C04F79EFBC}") = "Api.IntegrationTests", "Submarine API\Api.IntegrationTests\Api.IntegrationTests.csproj", "{0DE0863F-A0F1-4699-B7DF-41A974364C42}"
EndProject
Project("{2150E333-8FDC-42A3-9474-1A3956D46DE8}") = "API Client", "API Client", "{EA23954D-35D9-4478-81F2-38A41604BEBF}"
EndProject
Project("{FAE04EC0-301F-11D3-BF4B-00C04F79EFBC}") = "ApiClient", "Submarine API Client\ApiClient\ApiClient.csproj", "{FA8B3B1B-C47B-403B-8646-5FADE1ECA2E4}"
EndProject
Project("{FAE04EC0-301F-11D3-BF4B-00C04F79EFBC}") = "ApiClient.UnitTests", "Submarine API Client\ApiClient.UnitTests\ApiClient.UnitTests.csproj", "{1525A1F6-0CFE-4344-A6E2-061C7C0CEC21}"
EndProject
Project("{2150E333-8FDC-42A3-9474-1A3956D46DE8}") = "Abstractions", "Abstractions", "{5F7A7BC8-D91E-49C2-996C-B8890CAD1D6C}"
EndProject
Project("{FAE04EC0-301F-11D3-BF4B-00C04F79EFBC}") = "Abstractions", "Submarine Abstractions\Abstractions\Abstractions.csproj", "{338D28B8-C8EE-4F9E-B7DA-8B97A8E4C975}"
EndProject
Project("{2150E333-8FDC-42A3-9474-1A3956D46DE8}") = "Domain Abstractions", "Domain Abstractions", "{854414ED-A617-4192-8AE0-87AC01BB23E2}"
EndProject
Project("{FAE04EC0-301F-11D3-BF4B-00C04F79EFBC}") = "Domain.Abstractions", "Submarine Domain Abstractions\Domain.Abstractions\Domain.Abstractions.csproj", "{61202F6E-C50F-4695-B6D1-1D64DC757B45}"
EndProject
Project("{FAE04EC0-301F-11D3-BF4B-00C04F79EFBC}") = "Domain.Abstractions.UnitTests", "Submarine Domain Abstractions\Domain.Abstractions.UnitTests\Domain.Abstractions.UnitTests.csproj", "{E6CD9FED-8321-47CE-AC7D-2F4A55A5E32A}"
EndProject
Project("{2150E333-8FDC-42A3-9474-1A3956D46DE8}") = "Domain Authentication", "Domain Authentication", "{DF77240C-F02A-4523-BC2A-2C683968A194}"
EndProject
Project("{FAE04EC0-301F-11D3-BF4B-00C04F79EFBC}") = "Domain.Authentication", "Submarine Domain Authentication\Domain.Authentication\Domain.Authentication.csproj", "{A8D99462-B816-4E2C-8B11-CA8117D2639D}"
EndProject
Project("{FAE04EC0-301F-11D3-BF4B-00C04F79EFBC}") = "Domain.Authentication.UnitTests", "Submarine Domain Authentication\Domain.Authentication.UnitTests\Domain.Authentication.UnitTests.csproj", "{9780481C-E687-4072-9699-E01B0285B398}"
EndProject
Project("{FAE04EC0-301F-11D3-BF4B-00C04F79EFBC}") = "Domain.Authentication.IntegrationTests", "Submarine Domain Authentication\Domain.Authentication.IntegrationTests\Domain.Authentication.IntegrationTests.csproj", "{5264F5A5-97F2-4932-8FCE-D77A4EE4DA48}"
EndProject
Project("{2150E333-8FDC-42A3-9474-1A3956D46DE8}") = "Domain", "Domain", "{B282476D-C5B7-49BF-B28D-014C00E6868F}"
EndProject
Project("{2150E333-8FDC-42A3-9474-1A3956D46DE8}") = "Domain User", "Domain User", "{7D6ED528-8EA5-40FD-B328-C55EA9A0CF28}"
EndProject
Project("{FAE04EC0-301F-11D3-BF4B-00C04F79EFBC}") = "Domain.User", "Submarine Domain User\Domain.User\Domain.User.csproj", "{598994BD-E233-455C-8B37-4689F8F67F34}"
EndProject
Project("{FAE04EC0-301F-11D3-BF4B-00C04F79EFBC}") = "Domain.User.IntegrationTests", "Submarine Domain User\Domain.User.IntegrationTests\Domain.User.IntegrationTests.csproj", "{B9AA77B0-5AD3-4138-9731-37D022945FEB}"
EndProject
Project("{FAE04EC0-301F-11D3-BF4B-00C04F79EFBC}") = "Domain.User.UnitTests", "Submarine Domain User\Domain.User.UnitTests\Domain.User.UnitTests.csproj", "{45A48D86-9E41-4AD4-9412-C6BD4A5D1537}"
EndProject
Project("{FAE04EC0-301F-11D3-BF4B-00C04F79EFBC}") = "Domain", "Submarine Domain\Domain\Domain.csproj", "{8449C966-42F6-4D4A-ACAF-5B347E099CCB}"
EndProject
Project("{FAE04EC0-301F-11D3-BF4B-00C04F79EFBC}") = "Domain.UnitTests", "Submarine Domain\Domain.UnitTests\Domain.UnitTests.csproj", "{3A071F79-BB02-4880-959F-4DF6CC9CDF9F}"
EndProject
Project("{FAE04EC0-301F-11D3-BF4B-00C04F79EFBC}") = "Api.Abstractions.UnitTests", "Submarine API\Api.Abstractions.UnitTests\Api.Abstractions.UnitTests.csproj", "{6A9B3F51-421C-4FF2-9EE6-74E31C4BE2C5}"
EndProject
Project("{FAE04EC0-301F-11D3-BF4B-00C04F79EFBC}") = "Api.Abstractions.Authentication", "Submarine API\Api.Abstractions.Authentication\Api.Abstractions.Authentication.csproj", "{1A824AF0-8F5F-4B23-B6DA-29557141D54B}"
EndProject
Project("{FAE04EC0-301F-11D3-BF4B-00C04F79EFBC}") = "Api.Abstractions.Authentication.UnitTests", "Submarine API\Api.Abstractions.Authentication.UnitTests\Api.Abstractions.Authentication.UnitTests.csproj", "{F07237A4-3C29-448E-8C5C-0255C39FD934}"
EndProject
Project("{FAE04EC0-301F-11D3-BF4B-00C04F79EFBC}") = "Api.Abstractions.Swagger", "Submarine API\Api.Abstractions.Swagger\Api.Abstractions.Swagger.csproj", "{F757CCD2-EEDE-4A07-96E4-D03632DFD557}"
EndProject
Project("{FAE04EC0-301F-11D3-BF4B-00C04F79EFBC}") = "Api.Abstractions.Swagger.UnitTests", "Submarine API\Api.Abstractions.Swagger.UnitTests\Api.Abstractions.Swagger.UnitTests.csproj", "{A3068FA5-DA8D-477C-94B7-FB2E9E4736F9}"
EndProject
Project("{2150E333-8FDC-42A3-9474-1A3956D46DE8}") = "Domain License", "Domain License", "{04D023C3-1AD3-4F75-AAA7-9FA33928E898}"
EndProject
Project("{FAE04EC0-301F-11D3-BF4B-00C04F79EFBC}") = "Domain.License", "Submarine Domain License\Domain.License\Domain.License.csproj", "{40CE1D5A-9A50-4A4C-95C8-1E7077DB1D72}"
EndProject
Project("{FAE04EC0-301F-11D3-BF4B-00C04F79EFBC}") = "Domain.License.IntegrationTests", "Submarine Domain License\Domain.License.IntegrationTests\Domain.License.IntegrationTests.csproj", "{D302D5AB-8427-4AFC-86CF-8BFAFA8A2FF4}"
EndProject
Project("{FAE04EC0-301F-11D3-BF4B-00C04F79EFBC}") = "Domain.License.UnitTests", "Submarine Domain License\Domain.License.UnitTests\Domain.License.UnitTests.csproj", "{0AB81BCC-FEA7-46BF-92C6-FA32DFF6B742}"
EndProject
Project("{FAE04EC0-301F-11D3-BF4B-00C04F79EFBC}") = "Abstractions.Exceptions", "Submarine Abstractions\Abstractions.Exceptions\Abstractions.Exceptions.csproj", "{5D6D408D-5EE3-43B1-AFB1-8443A8C5A11D}"
EndProject
Project("{FAE04EC0-301F-11D3-BF4B-00C04F79EFBC}") = "Abstractions.UnitTests", "Submarine Abstractions\Abstractions.UnitTests\Abstractions.UnitTests.csproj", "{CA3BAA38-C227-4BDA-AE4F-08AE547BAEE4}"
EndProject
Project("{FAE04EC0-301F-11D3-BF4B-00C04F79EFBC}") = "Domain.TestPack", "Submarine Domain\Domain.TestPack\Domain.TestPack.csproj", "{82E57766-601C-4DA3-BA1F-EC9D7DFF21B1}"
EndProject
Project("{FAE04EC0-301F-11D3-BF4B-00C04F79EFBC}") = "Domain.Authentication.TestPack", "Submarine Domain Authentication\Domain.Authentication.TestPack\Domain.Authentication.TestPack.csproj", "{097751F2-F321-424C-80D7-D1F03353F5C9}"
EndProject
Project("{FAE04EC0-301F-11D3-BF4B-00C04F79EFBC}") = "Domain.License.TestPack", "Submarine Domain License\Domain.License.TestPack\Domain.License.TestPack.csproj", "{CFBD2AA4-4252-4FE3-9CF0-A5566D27EA46}"
EndProject
Project("{FAE04EC0-301F-11D3-BF4B-00C04F79EFBC}") = "Domain.User.TestPack", "Submarine Domain User\Domain.User.TestPack\Domain.User.TestPack.csproj", "{DBC89DDC-8F21-4DB8-AEC1-90BB70659BBE}"
EndProject
Project("{2150E333-8FDC-42A3-9474-1A3956D46DE8}") = "Test Packs", "Test Packs", "{FF99400D-E204-48E3-81AC-CB37B36FF487}"
EndProject
Project("{FAE04EC0-301F-11D3-BF4B-00C04F79EFBC}") = "UnitTestPack", "Test Packs\UnitTestPack\UnitTestPack.csproj", "{324A2938-8A0C-4268-BFBE-B2390524B893}"
EndProject
Project("{FAE04EC0-301F-11D3-BF4B-00C04F79EFBC}") = "IntegrationTestPack", "Test Packs\IntegrationTestPack\IntegrationTestPack.csproj", "{28650496-CD67-427E-9A98-DB7766F6D4D3}"
EndProject
Project("{FAE04EC0-301F-11D3-BF4B-00C04F79EFBC}") = "Abstraction.Routes", "Submarine Abstractions\Abstraction.Routes\Abstraction.Routes.csproj", "{7D84F4B2-F9C1-44C9-B80D-F038F861E218}"
EndProject
Project("{FAE04EC0-301F-11D3-BF4B-00C04F79EFBC}") = "TestPack", "Test Packs\TestPack\TestPack.csproj", "{B0FB2ED0-8170-45A7-9AA6-0919A347B013}"
EndProject
Project("{FAE04EC0-301F-11D3-BF4B-00C04F79EFBC}") = "Abstractions.Interchange", "Submarine Abstractions\Abstractions.Interchange\Abstractions.Interchange.csproj", "{663BC435-7CCF-4AF9-A282-CD35C6E04F98}"
EndProject
Project("{FAE04EC0-301F-11D3-BF4B-00C04F79EFBC}") = "Abstractions.Interchange.TestPack", "Submarine Abstractions\Abstractions.Interchange.TestPack\Abstractions.Interchange.TestPack.csproj", "{B0671F1C-446B-42C2-9E88-5B49F78909EB}"
EndProject
Project("{FAE04EC0-301F-11D3-BF4B-00C04F79EFBC}") = "Migrator", "Migrator\Migrator.csproj", "{4BE6C077-367D-4CA0-B494-C1B9A69C0F3E}"
EndProject
Project("{FAE04EC0-301F-11D3-BF4B-00C04F79EFBC}") = "Api.Abstractions.Interchange", "Submarine API\Api.Abstractions.Interchange\Api.Abstractions.Interchange.csproj", "{27241791-0C6B-4D1C-B64C-1CCBD72EB38A}"
EndProject
Project("{FAE04EC0-301F-11D3-BF4B-00C04F79EFBC}") = "Api.Abstractions.Interchange.UnitTests", "Submarine API\Api.Abstractions.Interchange.UnitTests\Api.Abstractions.Interchange.UnitTests.csproj", "{3B96FF65-ED25-4342-AC18-BA24F3EF2C21}"
EndProject
Project("{FAE04EC0-301F-11D3-BF4B-00C04F79EFBC}") = "Abstractions.Interchange.UnitTests", "Submarine Abstractions\Abstractions.Interchange.UnitTests\Abstractions.Interchange.UnitTests.csproj", "{59B0DC5D-2131-4D3B-8A63-0AAC8D1C81ED}"
EndProject
Project("{2150E333-8FDC-42A3-9474-1A3956D46DE8}") = "Domain Supply", "Domain Supply", "{94A9C489-23EA-4A25-9548-C2C6B7A7D8CA}"
EndProject
Project("{FAE04EC0-301F-11D3-BF4B-00C04F79EFBC}") = "Domain.Supply", "Domain.Supply\Domain.Supply.csproj", "{74238871-2CF9-4A38-8413-55C7DF9DDCC8}"
EndProject
Project("{2150E333-8FDC-42A3-9474-1A3956D46DE8}") = "Domain Livestock", "Domain Livestock", "{7FD95344-E2AA-451D-AE40-CBD022C8AFA9}"
EndProject
Project("{FAE04EC0-301F-11D3-BF4B-00C04F79EFBC}") = "Domain.Livestock", "Domain.Livestock\Domain.Livestock.csproj", "{2601F989-B593-41EA-9963-404C4C400978}"
EndProject
Project("{2150E333-8FDC-42A3-9474-1A3956D46DE8}") = "Domain Tank", "Domain Tank", "{190F9014-D202-4B82-9A59-C98EB0A9DAF8}"
EndProject
Project("{FAE04EC0-301F-11D3-BF4B-00C04F79EFBC}") = "Domain.Tank", "Domain.Tank\Domain.Tank.csproj", "{3E7931F7-D542-4A9E-B420-142E10E343BE}"
EndProject
Global
	GlobalSection(SolutionConfigurationPlatforms) = preSolution
		Debug|Any CPU = Debug|Any CPU
		Release|Any CPU = Release|Any CPU
	EndGlobalSection
	GlobalSection(ProjectConfigurationPlatforms) = postSolution
		{8139141B-A460-4D0F-A3F4-E41288E722B0}.Debug|Any CPU.ActiveCfg = Debug|Any CPU
		{8139141B-A460-4D0F-A3F4-E41288E722B0}.Debug|Any CPU.Build.0 = Debug|Any CPU
		{8139141B-A460-4D0F-A3F4-E41288E722B0}.Release|Any CPU.ActiveCfg = Release|Any CPU
		{8139141B-A460-4D0F-A3F4-E41288E722B0}.Release|Any CPU.Build.0 = Release|Any CPU
		{2FD55DF5-BCFB-4AE5-A12B-C47ABCC870AD}.Debug|Any CPU.ActiveCfg = Debug|Any CPU
		{2FD55DF5-BCFB-4AE5-A12B-C47ABCC870AD}.Debug|Any CPU.Build.0 = Debug|Any CPU
		{2FD55DF5-BCFB-4AE5-A12B-C47ABCC870AD}.Release|Any CPU.ActiveCfg = Release|Any CPU
		{2FD55DF5-BCFB-4AE5-A12B-C47ABCC870AD}.Release|Any CPU.Build.0 = Release|Any CPU
		{0DE0863F-A0F1-4699-B7DF-41A974364C42}.Debug|Any CPU.ActiveCfg = Debug|Any CPU
		{0DE0863F-A0F1-4699-B7DF-41A974364C42}.Debug|Any CPU.Build.0 = Debug|Any CPU
		{0DE0863F-A0F1-4699-B7DF-41A974364C42}.Release|Any CPU.ActiveCfg = Release|Any CPU
		{0DE0863F-A0F1-4699-B7DF-41A974364C42}.Release|Any CPU.Build.0 = Release|Any CPU
		{FA8B3B1B-C47B-403B-8646-5FADE1ECA2E4}.Debug|Any CPU.ActiveCfg = Debug|Any CPU
		{FA8B3B1B-C47B-403B-8646-5FADE1ECA2E4}.Debug|Any CPU.Build.0 = Debug|Any CPU
		{FA8B3B1B-C47B-403B-8646-5FADE1ECA2E4}.Release|Any CPU.ActiveCfg = Release|Any CPU
		{FA8B3B1B-C47B-403B-8646-5FADE1ECA2E4}.Release|Any CPU.Build.0 = Release|Any CPU
		{1525A1F6-0CFE-4344-A6E2-061C7C0CEC21}.Debug|Any CPU.ActiveCfg = Debug|Any CPU
		{1525A1F6-0CFE-4344-A6E2-061C7C0CEC21}.Debug|Any CPU.Build.0 = Debug|Any CPU
		{1525A1F6-0CFE-4344-A6E2-061C7C0CEC21}.Release|Any CPU.ActiveCfg = Release|Any CPU
		{1525A1F6-0CFE-4344-A6E2-061C7C0CEC21}.Release|Any CPU.Build.0 = Release|Any CPU
		{338D28B8-C8EE-4F9E-B7DA-8B97A8E4C975}.Debug|Any CPU.ActiveCfg = Debug|Any CPU
		{338D28B8-C8EE-4F9E-B7DA-8B97A8E4C975}.Debug|Any CPU.Build.0 = Debug|Any CPU
		{338D28B8-C8EE-4F9E-B7DA-8B97A8E4C975}.Release|Any CPU.ActiveCfg = Release|Any CPU
		{338D28B8-C8EE-4F9E-B7DA-8B97A8E4C975}.Release|Any CPU.Build.0 = Release|Any CPU
		{61202F6E-C50F-4695-B6D1-1D64DC757B45}.Debug|Any CPU.ActiveCfg = Debug|Any CPU
		{61202F6E-C50F-4695-B6D1-1D64DC757B45}.Debug|Any CPU.Build.0 = Debug|Any CPU
		{61202F6E-C50F-4695-B6D1-1D64DC757B45}.Release|Any CPU.ActiveCfg = Release|Any CPU
		{61202F6E-C50F-4695-B6D1-1D64DC757B45}.Release|Any CPU.Build.0 = Release|Any CPU
		{E6CD9FED-8321-47CE-AC7D-2F4A55A5E32A}.Debug|Any CPU.ActiveCfg = Debug|Any CPU
		{E6CD9FED-8321-47CE-AC7D-2F4A55A5E32A}.Debug|Any CPU.Build.0 = Debug|Any CPU
		{E6CD9FED-8321-47CE-AC7D-2F4A55A5E32A}.Release|Any CPU.ActiveCfg = Release|Any CPU
		{E6CD9FED-8321-47CE-AC7D-2F4A55A5E32A}.Release|Any CPU.Build.0 = Release|Any CPU
		{A8D99462-B816-4E2C-8B11-CA8117D2639D}.Debug|Any CPU.ActiveCfg = Debug|Any CPU
		{A8D99462-B816-4E2C-8B11-CA8117D2639D}.Debug|Any CPU.Build.0 = Debug|Any CPU
		{A8D99462-B816-4E2C-8B11-CA8117D2639D}.Release|Any CPU.ActiveCfg = Release|Any CPU
		{A8D99462-B816-4E2C-8B11-CA8117D2639D}.Release|Any CPU.Build.0 = Release|Any CPU
		{9780481C-E687-4072-9699-E01B0285B398}.Debug|Any CPU.ActiveCfg = Debug|Any CPU
		{9780481C-E687-4072-9699-E01B0285B398}.Debug|Any CPU.Build.0 = Debug|Any CPU
		{9780481C-E687-4072-9699-E01B0285B398}.Release|Any CPU.ActiveCfg = Release|Any CPU
		{9780481C-E687-4072-9699-E01B0285B398}.Release|Any CPU.Build.0 = Release|Any CPU
		{5264F5A5-97F2-4932-8FCE-D77A4EE4DA48}.Debug|Any CPU.ActiveCfg = Debug|Any CPU
		{5264F5A5-97F2-4932-8FCE-D77A4EE4DA48}.Debug|Any CPU.Build.0 = Debug|Any CPU
		{5264F5A5-97F2-4932-8FCE-D77A4EE4DA48}.Release|Any CPU.ActiveCfg = Release|Any CPU
		{5264F5A5-97F2-4932-8FCE-D77A4EE4DA48}.Release|Any CPU.Build.0 = Release|Any CPU
		{598994BD-E233-455C-8B37-4689F8F67F34}.Debug|Any CPU.ActiveCfg = Debug|Any CPU
		{598994BD-E233-455C-8B37-4689F8F67F34}.Debug|Any CPU.Build.0 = Debug|Any CPU
		{598994BD-E233-455C-8B37-4689F8F67F34}.Release|Any CPU.ActiveCfg = Release|Any CPU
		{598994BD-E233-455C-8B37-4689F8F67F34}.Release|Any CPU.Build.0 = Release|Any CPU
		{B9AA77B0-5AD3-4138-9731-37D022945FEB}.Debug|Any CPU.ActiveCfg = Debug|Any CPU
		{B9AA77B0-5AD3-4138-9731-37D022945FEB}.Debug|Any CPU.Build.0 = Debug|Any CPU
		{B9AA77B0-5AD3-4138-9731-37D022945FEB}.Release|Any CPU.ActiveCfg = Release|Any CPU
		{B9AA77B0-5AD3-4138-9731-37D022945FEB}.Release|Any CPU.Build.0 = Release|Any CPU
		{45A48D86-9E41-4AD4-9412-C6BD4A5D1537}.Debug|Any CPU.ActiveCfg = Debug|Any CPU
		{45A48D86-9E41-4AD4-9412-C6BD4A5D1537}.Debug|Any CPU.Build.0 = Debug|Any CPU
		{45A48D86-9E41-4AD4-9412-C6BD4A5D1537}.Release|Any CPU.ActiveCfg = Release|Any CPU
		{45A48D86-9E41-4AD4-9412-C6BD4A5D1537}.Release|Any CPU.Build.0 = Release|Any CPU
		{8449C966-42F6-4D4A-ACAF-5B347E099CCB}.Debug|Any CPU.ActiveCfg = Debug|Any CPU
		{8449C966-42F6-4D4A-ACAF-5B347E099CCB}.Debug|Any CPU.Build.0 = Debug|Any CPU
		{8449C966-42F6-4D4A-ACAF-5B347E099CCB}.Release|Any CPU.ActiveCfg = Release|Any CPU
		{8449C966-42F6-4D4A-ACAF-5B347E099CCB}.Release|Any CPU.Build.0 = Release|Any CPU
		{3A071F79-BB02-4880-959F-4DF6CC9CDF9F}.Debug|Any CPU.ActiveCfg = Debug|Any CPU
		{3A071F79-BB02-4880-959F-4DF6CC9CDF9F}.Debug|Any CPU.Build.0 = Debug|Any CPU
		{3A071F79-BB02-4880-959F-4DF6CC9CDF9F}.Release|Any CPU.ActiveCfg = Release|Any CPU
		{3A071F79-BB02-4880-959F-4DF6CC9CDF9F}.Release|Any CPU.Build.0 = Release|Any CPU
		{6A9B3F51-421C-4FF2-9EE6-74E31C4BE2C5}.Debug|Any CPU.ActiveCfg = Debug|Any CPU
		{6A9B3F51-421C-4FF2-9EE6-74E31C4BE2C5}.Debug|Any CPU.Build.0 = Debug|Any CPU
		{6A9B3F51-421C-4FF2-9EE6-74E31C4BE2C5}.Release|Any CPU.ActiveCfg = Release|Any CPU
		{6A9B3F51-421C-4FF2-9EE6-74E31C4BE2C5}.Release|Any CPU.Build.0 = Release|Any CPU
		{1A824AF0-8F5F-4B23-B6DA-29557141D54B}.Debug|Any CPU.ActiveCfg = Debug|Any CPU
		{1A824AF0-8F5F-4B23-B6DA-29557141D54B}.Debug|Any CPU.Build.0 = Debug|Any CPU
		{1A824AF0-8F5F-4B23-B6DA-29557141D54B}.Release|Any CPU.ActiveCfg = Release|Any CPU
		{1A824AF0-8F5F-4B23-B6DA-29557141D54B}.Release|Any CPU.Build.0 = Release|Any CPU
		{F07237A4-3C29-448E-8C5C-0255C39FD934}.Debug|Any CPU.ActiveCfg = Debug|Any CPU
		{F07237A4-3C29-448E-8C5C-0255C39FD934}.Debug|Any CPU.Build.0 = Debug|Any CPU
		{F07237A4-3C29-448E-8C5C-0255C39FD934}.Release|Any CPU.ActiveCfg = Release|Any CPU
		{F07237A4-3C29-448E-8C5C-0255C39FD934}.Release|Any CPU.Build.0 = Release|Any CPU
		{F757CCD2-EEDE-4A07-96E4-D03632DFD557}.Debug|Any CPU.ActiveCfg = Debug|Any CPU
		{F757CCD2-EEDE-4A07-96E4-D03632DFD557}.Debug|Any CPU.Build.0 = Debug|Any CPU
		{F757CCD2-EEDE-4A07-96E4-D03632DFD557}.Release|Any CPU.ActiveCfg = Release|Any CPU
		{F757CCD2-EEDE-4A07-96E4-D03632DFD557}.Release|Any CPU.Build.0 = Release|Any CPU
		{A3068FA5-DA8D-477C-94B7-FB2E9E4736F9}.Debug|Any CPU.ActiveCfg = Debug|Any CPU
		{A3068FA5-DA8D-477C-94B7-FB2E9E4736F9}.Debug|Any CPU.Build.0 = Debug|Any CPU
		{A3068FA5-DA8D-477C-94B7-FB2E9E4736F9}.Release|Any CPU.ActiveCfg = Release|Any CPU
		{A3068FA5-DA8D-477C-94B7-FB2E9E4736F9}.Release|Any CPU.Build.0 = Release|Any CPU
		{40CE1D5A-9A50-4A4C-95C8-1E7077DB1D72}.Debug|Any CPU.ActiveCfg = Debug|Any CPU
		{40CE1D5A-9A50-4A4C-95C8-1E7077DB1D72}.Debug|Any CPU.Build.0 = Debug|Any CPU
		{40CE1D5A-9A50-4A4C-95C8-1E7077DB1D72}.Release|Any CPU.ActiveCfg = Release|Any CPU
		{40CE1D5A-9A50-4A4C-95C8-1E7077DB1D72}.Release|Any CPU.Build.0 = Release|Any CPU
		{D302D5AB-8427-4AFC-86CF-8BFAFA8A2FF4}.Debug|Any CPU.ActiveCfg = Debug|Any CPU
		{D302D5AB-8427-4AFC-86CF-8BFAFA8A2FF4}.Debug|Any CPU.Build.0 = Debug|Any CPU
		{D302D5AB-8427-4AFC-86CF-8BFAFA8A2FF4}.Release|Any CPU.ActiveCfg = Release|Any CPU
		{D302D5AB-8427-4AFC-86CF-8BFAFA8A2FF4}.Release|Any CPU.Build.0 = Release|Any CPU
		{0AB81BCC-FEA7-46BF-92C6-FA32DFF6B742}.Debug|Any CPU.ActiveCfg = Debug|Any CPU
		{0AB81BCC-FEA7-46BF-92C6-FA32DFF6B742}.Debug|Any CPU.Build.0 = Debug|Any CPU
		{0AB81BCC-FEA7-46BF-92C6-FA32DFF6B742}.Release|Any CPU.ActiveCfg = Release|Any CPU
		{0AB81BCC-FEA7-46BF-92C6-FA32DFF6B742}.Release|Any CPU.Build.0 = Release|Any CPU
		{5D6D408D-5EE3-43B1-AFB1-8443A8C5A11D}.Debug|Any CPU.ActiveCfg = Debug|Any CPU
		{5D6D408D-5EE3-43B1-AFB1-8443A8C5A11D}.Debug|Any CPU.Build.0 = Debug|Any CPU
		{5D6D408D-5EE3-43B1-AFB1-8443A8C5A11D}.Release|Any CPU.ActiveCfg = Release|Any CPU
		{5D6D408D-5EE3-43B1-AFB1-8443A8C5A11D}.Release|Any CPU.Build.0 = Release|Any CPU
		{CA3BAA38-C227-4BDA-AE4F-08AE547BAEE4}.Debug|Any CPU.ActiveCfg = Debug|Any CPU
		{CA3BAA38-C227-4BDA-AE4F-08AE547BAEE4}.Debug|Any CPU.Build.0 = Debug|Any CPU
		{CA3BAA38-C227-4BDA-AE4F-08AE547BAEE4}.Release|Any CPU.ActiveCfg = Release|Any CPU
		{CA3BAA38-C227-4BDA-AE4F-08AE547BAEE4}.Release|Any CPU.Build.0 = Release|Any CPU
		{82E57766-601C-4DA3-BA1F-EC9D7DFF21B1}.Debug|Any CPU.ActiveCfg = Debug|Any CPU
		{82E57766-601C-4DA3-BA1F-EC9D7DFF21B1}.Debug|Any CPU.Build.0 = Debug|Any CPU
		{82E57766-601C-4DA3-BA1F-EC9D7DFF21B1}.Release|Any CPU.ActiveCfg = Release|Any CPU
		{82E57766-601C-4DA3-BA1F-EC9D7DFF21B1}.Release|Any CPU.Build.0 = Release|Any CPU
		{097751F2-F321-424C-80D7-D1F03353F5C9}.Debug|Any CPU.ActiveCfg = Debug|Any CPU
		{097751F2-F321-424C-80D7-D1F03353F5C9}.Debug|Any CPU.Build.0 = Debug|Any CPU
		{097751F2-F321-424C-80D7-D1F03353F5C9}.Release|Any CPU.ActiveCfg = Release|Any CPU
		{097751F2-F321-424C-80D7-D1F03353F5C9}.Release|Any CPU.Build.0 = Release|Any CPU
		{CFBD2AA4-4252-4FE3-9CF0-A5566D27EA46}.Debug|Any CPU.ActiveCfg = Debug|Any CPU
		{CFBD2AA4-4252-4FE3-9CF0-A5566D27EA46}.Debug|Any CPU.Build.0 = Debug|Any CPU
		{CFBD2AA4-4252-4FE3-9CF0-A5566D27EA46}.Release|Any CPU.ActiveCfg = Release|Any CPU
		{CFBD2AA4-4252-4FE3-9CF0-A5566D27EA46}.Release|Any CPU.Build.0 = Release|Any CPU
		{DBC89DDC-8F21-4DB8-AEC1-90BB70659BBE}.Debug|Any CPU.ActiveCfg = Debug|Any CPU
		{DBC89DDC-8F21-4DB8-AEC1-90BB70659BBE}.Debug|Any CPU.Build.0 = Debug|Any CPU
		{DBC89DDC-8F21-4DB8-AEC1-90BB70659BBE}.Release|Any CPU.ActiveCfg = Release|Any CPU
		{DBC89DDC-8F21-4DB8-AEC1-90BB70659BBE}.Release|Any CPU.Build.0 = Release|Any CPU
		{324A2938-8A0C-4268-BFBE-B2390524B893}.Debug|Any CPU.ActiveCfg = Debug|Any CPU
		{324A2938-8A0C-4268-BFBE-B2390524B893}.Debug|Any CPU.Build.0 = Debug|Any CPU
		{324A2938-8A0C-4268-BFBE-B2390524B893}.Release|Any CPU.ActiveCfg = Release|Any CPU
		{324A2938-8A0C-4268-BFBE-B2390524B893}.Release|Any CPU.Build.0 = Release|Any CPU
		{28650496-CD67-427E-9A98-DB7766F6D4D3}.Debug|Any CPU.ActiveCfg = Debug|Any CPU
		{28650496-CD67-427E-9A98-DB7766F6D4D3}.Debug|Any CPU.Build.0 = Debug|Any CPU
		{28650496-CD67-427E-9A98-DB7766F6D4D3}.Release|Any CPU.ActiveCfg = Release|Any CPU
		{28650496-CD67-427E-9A98-DB7766F6D4D3}.Release|Any CPU.Build.0 = Release|Any CPU
		{7D84F4B2-F9C1-44C9-B80D-F038F861E218}.Debug|Any CPU.ActiveCfg = Debug|Any CPU
		{7D84F4B2-F9C1-44C9-B80D-F038F861E218}.Debug|Any CPU.Build.0 = Debug|Any CPU
		{7D84F4B2-F9C1-44C9-B80D-F038F861E218}.Release|Any CPU.ActiveCfg = Release|Any CPU
		{7D84F4B2-F9C1-44C9-B80D-F038F861E218}.Release|Any CPU.Build.0 = Release|Any CPU
		{B0FB2ED0-8170-45A7-9AA6-0919A347B013}.Debug|Any CPU.ActiveCfg = Debug|Any CPU
		{B0FB2ED0-8170-45A7-9AA6-0919A347B013}.Debug|Any CPU.Build.0 = Debug|Any CPU
		{B0FB2ED0-8170-45A7-9AA6-0919A347B013}.Release|Any CPU.ActiveCfg = Release|Any CPU
		{B0FB2ED0-8170-45A7-9AA6-0919A347B013}.Release|Any CPU.Build.0 = Release|Any CPU
		{663BC435-7CCF-4AF9-A282-CD35C6E04F98}.Debug|Any CPU.ActiveCfg = Debug|Any CPU
		{663BC435-7CCF-4AF9-A282-CD35C6E04F98}.Debug|Any CPU.Build.0 = Debug|Any CPU
		{663BC435-7CCF-4AF9-A282-CD35C6E04F98}.Release|Any CPU.ActiveCfg = Release|Any CPU
		{663BC435-7CCF-4AF9-A282-CD35C6E04F98}.Release|Any CPU.Build.0 = Release|Any CPU
		{B0671F1C-446B-42C2-9E88-5B49F78909EB}.Debug|Any CPU.ActiveCfg = Debug|Any CPU
		{B0671F1C-446B-42C2-9E88-5B49F78909EB}.Debug|Any CPU.Build.0 = Debug|Any CPU
		{B0671F1C-446B-42C2-9E88-5B49F78909EB}.Release|Any CPU.ActiveCfg = Release|Any CPU
		{B0671F1C-446B-42C2-9E88-5B49F78909EB}.Release|Any CPU.Build.0 = Release|Any CPU
		{4BE6C077-367D-4CA0-B494-C1B9A69C0F3E}.Debug|Any CPU.ActiveCfg = Debug|Any CPU
		{4BE6C077-367D-4CA0-B494-C1B9A69C0F3E}.Debug|Any CPU.Build.0 = Debug|Any CPU
		{4BE6C077-367D-4CA0-B494-C1B9A69C0F3E}.Release|Any CPU.ActiveCfg = Release|Any CPU
		{4BE6C077-367D-4CA0-B494-C1B9A69C0F3E}.Release|Any CPU.Build.0 = Release|Any CPU
		{27241791-0C6B-4D1C-B64C-1CCBD72EB38A}.Debug|Any CPU.ActiveCfg = Debug|Any CPU
		{27241791-0C6B-4D1C-B64C-1CCBD72EB38A}.Debug|Any CPU.Build.0 = Debug|Any CPU
		{27241791-0C6B-4D1C-B64C-1CCBD72EB38A}.Release|Any CPU.ActiveCfg = Release|Any CPU
		{27241791-0C6B-4D1C-B64C-1CCBD72EB38A}.Release|Any CPU.Build.0 = Release|Any CPU
		{3B96FF65-ED25-4342-AC18-BA24F3EF2C21}.Debug|Any CPU.ActiveCfg = Debug|Any CPU
		{3B96FF65-ED25-4342-AC18-BA24F3EF2C21}.Debug|Any CPU.Build.0 = Debug|Any CPU
		{3B96FF65-ED25-4342-AC18-BA24F3EF2C21}.Release|Any CPU.ActiveCfg = Release|Any CPU
		{3B96FF65-ED25-4342-AC18-BA24F3EF2C21}.Release|Any CPU.Build.0 = Release|Any CPU
		{59B0DC5D-2131-4D3B-8A63-0AAC8D1C81ED}.Debug|Any CPU.ActiveCfg = Debug|Any CPU
		{59B0DC5D-2131-4D3B-8A63-0AAC8D1C81ED}.Debug|Any CPU.Build.0 = Debug|Any CPU
		{59B0DC5D-2131-4D3B-8A63-0AAC8D1C81ED}.Release|Any CPU.ActiveCfg = Release|Any CPU
		{59B0DC5D-2131-4D3B-8A63-0AAC8D1C81ED}.Release|Any CPU.Build.0 = Release|Any CPU
		{2601F989-B593-41EA-9963-404C4C400978}.Debug|Any CPU.ActiveCfg = Debug|Any CPU
		{2601F989-B593-41EA-9963-404C4C400978}.Debug|Any CPU.Build.0 = Debug|Any CPU
		{2601F989-B593-41EA-9963-404C4C400978}.Release|Any CPU.ActiveCfg = Release|Any CPU
		{2601F989-B593-41EA-9963-404C4C400978}.Release|Any CPU.Build.0 = Release|Any CPU
		{74238871-2CF9-4A38-8413-55C7DF9DDCC8}.Debug|Any CPU.ActiveCfg = Debug|Any CPU
		{74238871-2CF9-4A38-8413-55C7DF9DDCC8}.Debug|Any CPU.Build.0 = Debug|Any CPU
		{74238871-2CF9-4A38-8413-55C7DF9DDCC8}.Release|Any CPU.ActiveCfg = Release|Any CPU
		{74238871-2CF9-4A38-8413-55C7DF9DDCC8}.Release|Any CPU.Build.0 = Release|Any CPU
		{3E7931F7-D542-4A9E-B420-142E10E343BE}.Debug|Any CPU.ActiveCfg = Debug|Any CPU
		{3E7931F7-D542-4A9E-B420-142E10E343BE}.Debug|Any CPU.Build.0 = Debug|Any CPU
		{3E7931F7-D542-4A9E-B420-142E10E343BE}.Release|Any CPU.ActiveCfg = Release|Any CPU
		{3E7931F7-D542-4A9E-B420-142E10E343BE}.Release|Any CPU.Build.0 = Release|Any CPU
	EndGlobalSection
	GlobalSection(SolutionProperties) = preSolution
		HideSolutionNode = FALSE
	EndGlobalSection
	GlobalSection(NestedProjects) = preSolution
		{8139141B-A460-4D0F-A3F4-E41288E722B0} = {E1A3F410-63CD-41B3-BF78-8132CF5189F9}
		{2FD55DF5-BCFB-4AE5-A12B-C47ABCC870AD} = {E1A3F410-63CD-41B3-BF78-8132CF5189F9}
		{0DE0863F-A0F1-4699-B7DF-41A974364C42} = {E1A3F410-63CD-41B3-BF78-8132CF5189F9}
		{FA8B3B1B-C47B-403B-8646-5FADE1ECA2E4} = {EA23954D-35D9-4478-81F2-38A41604BEBF}
		{1525A1F6-0CFE-4344-A6E2-061C7C0CEC21} = {EA23954D-35D9-4478-81F2-38A41604BEBF}
		{338D28B8-C8EE-4F9E-B7DA-8B97A8E4C975} = {5F7A7BC8-D91E-49C2-996C-B8890CAD1D6C}
		{61202F6E-C50F-4695-B6D1-1D64DC757B45} = {854414ED-A617-4192-8AE0-87AC01BB23E2}
		{E6CD9FED-8321-47CE-AC7D-2F4A55A5E32A} = {854414ED-A617-4192-8AE0-87AC01BB23E2}
		{A8D99462-B816-4E2C-8B11-CA8117D2639D} = {DF77240C-F02A-4523-BC2A-2C683968A194}
		{9780481C-E687-4072-9699-E01B0285B398} = {DF77240C-F02A-4523-BC2A-2C683968A194}
		{5264F5A5-97F2-4932-8FCE-D77A4EE4DA48} = {DF77240C-F02A-4523-BC2A-2C683968A194}
		{598994BD-E233-455C-8B37-4689F8F67F34} = {7D6ED528-8EA5-40FD-B328-C55EA9A0CF28}
		{B9AA77B0-5AD3-4138-9731-37D022945FEB} = {7D6ED528-8EA5-40FD-B328-C55EA9A0CF28}
		{45A48D86-9E41-4AD4-9412-C6BD4A5D1537} = {7D6ED528-8EA5-40FD-B328-C55EA9A0CF28}
		{8449C966-42F6-4D4A-ACAF-5B347E099CCB} = {B282476D-C5B7-49BF-B28D-014C00E6868F}
		{3A071F79-BB02-4880-959F-4DF6CC9CDF9F} = {B282476D-C5B7-49BF-B28D-014C00E6868F}
		{6A9B3F51-421C-4FF2-9EE6-74E31C4BE2C5} = {E1A3F410-63CD-41B3-BF78-8132CF5189F9}
		{1A824AF0-8F5F-4B23-B6DA-29557141D54B} = {E1A3F410-63CD-41B3-BF78-8132CF5189F9}
		{F07237A4-3C29-448E-8C5C-0255C39FD934} = {E1A3F410-63CD-41B3-BF78-8132CF5189F9}
		{F757CCD2-EEDE-4A07-96E4-D03632DFD557} = {E1A3F410-63CD-41B3-BF78-8132CF5189F9}
		{A3068FA5-DA8D-477C-94B7-FB2E9E4736F9} = {E1A3F410-63CD-41B3-BF78-8132CF5189F9}
		{40CE1D5A-9A50-4A4C-95C8-1E7077DB1D72} = {04D023C3-1AD3-4F75-AAA7-9FA33928E898}
		{D302D5AB-8427-4AFC-86CF-8BFAFA8A2FF4} = {04D023C3-1AD3-4F75-AAA7-9FA33928E898}
		{0AB81BCC-FEA7-46BF-92C6-FA32DFF6B742} = {04D023C3-1AD3-4F75-AAA7-9FA33928E898}
		{5D6D408D-5EE3-43B1-AFB1-8443A8C5A11D} = {5F7A7BC8-D91E-49C2-996C-B8890CAD1D6C}
		{CA3BAA38-C227-4BDA-AE4F-08AE547BAEE4} = {5F7A7BC8-D91E-49C2-996C-B8890CAD1D6C}
		{82E57766-601C-4DA3-BA1F-EC9D7DFF21B1} = {B282476D-C5B7-49BF-B28D-014C00E6868F}
		{097751F2-F321-424C-80D7-D1F03353F5C9} = {DF77240C-F02A-4523-BC2A-2C683968A194}
		{CFBD2AA4-4252-4FE3-9CF0-A5566D27EA46} = {04D023C3-1AD3-4F75-AAA7-9FA33928E898}
		{DBC89DDC-8F21-4DB8-AEC1-90BB70659BBE} = {7D6ED528-8EA5-40FD-B328-C55EA9A0CF28}
		{324A2938-8A0C-4268-BFBE-B2390524B893} = {FF99400D-E204-48E3-81AC-CB37B36FF487}
		{28650496-CD67-427E-9A98-DB7766F6D4D3} = {FF99400D-E204-48E3-81AC-CB37B36FF487}
		{7D84F4B2-F9C1-44C9-B80D-F038F861E218} = {5F7A7BC8-D91E-49C2-996C-B8890CAD1D6C}
		{B0FB2ED0-8170-45A7-9AA6-0919A347B013} = {FF99400D-E204-48E3-81AC-CB37B36FF487}
		{663BC435-7CCF-4AF9-A282-CD35C6E04F98} = {5F7A7BC8-D91E-49C2-996C-B8890CAD1D6C}
		{B0671F1C-446B-42C2-9E88-5B49F78909EB} = {5F7A7BC8-D91E-49C2-996C-B8890CAD1D6C}
		{27241791-0C6B-4D1C-B64C-1CCBD72EB38A} = {E1A3F410-63CD-41B3-BF78-8132CF5189F9}
		{3B96FF65-ED25-4342-AC18-BA24F3EF2C21} = {E1A3F410-63CD-41B3-BF78-8132CF5189F9}
		{59B0DC5D-2131-4D3B-8A63-0AAC8D1C81ED} = {5F7A7BC8-D91E-49C2-996C-B8890CAD1D6C}
		{2601F989-B593-41EA-9963-404C4C400978} = {7FD95344-E2AA-451D-AE40-CBD022C8AFA9}
		{74238871-2CF9-4A38-8413-55C7DF9DDCC8} = {94A9C489-23EA-4A25-9548-C2C6B7A7D8CA}
		{3E7931F7-D542-4A9E-B420-142E10E343BE} = {190F9014-D202-4B82-9A59-C98EB0A9DAF8}
	EndGlobalSection
	GlobalSection(ExtensibilityGlobals) = postSolution
		SolutionGuid = {FC71E9EF-3B1F-4E70-9CE9-1BE964B459DB}
	EndGlobalSection
EndGlobal
